// !$*UTF8*$!
{
	archiveVersion = 1;
	classes = {
	};
	objectVersion = 55;
	objects = {

/* Begin PBXBuildFile section */
		5F4173972825417600B614A5 /* APIError.swift in Sources */ = {isa = PBXBuildFile; fileRef = 5F4173962825417600B614A5 /* APIError.swift */; };
		5F49F2FC281FE6520092B5EC /* RecipeDetailsViewController.swift in Sources */ = {isa = PBXBuildFile; fileRef = 5F49F2FB281FE6520092B5EC /* RecipeDetailsViewController.swift */; };
		5F49F2FF28206AF40092B5EC /* UIViewController_Alert.swift in Sources */ = {isa = PBXBuildFile; fileRef = 5F49F2FE28206AF40092B5EC /* UIViewController_Alert.swift */; };
		5F510BC928270BD0004C89F3 /* recipeService.swift in Sources */ = {isa = PBXBuildFile; fileRef = 5F510BC828270BD0004C89F3 /* recipeService.swift */; };
		5F510BCB28270F8F004C89F3 /* RecipesDTO.swift in Sources */ = {isa = PBXBuildFile; fileRef = 5F510BCA28270F8F004C89F3 /* RecipesDTO.swift */; };
		5F510BCE282710F0004C89F3 /* ApiKey.swift in Sources */ = {isa = PBXBuildFile; fileRef = 5F510BCD282710F0004C89F3 /* ApiKey.swift */; };
		5F6034702828E05500EE2580 /* ImageRecipeService.swift in Sources */ = {isa = PBXBuildFile; fileRef = 5F60346F2828E05500EE2580 /* ImageRecipeService.swift */; };
		5F63306B283B9BD80016045E /* ImageRecipeServiceTest.swift in Sources */ = {isa = PBXBuildFile; fileRef = 5F63306A283B9BD80016045E /* ImageRecipeServiceTest.swift */; };
		5F6B73E9281DCF3600097B27 /* IngredientsList.swift in Sources */ = {isa = PBXBuildFile; fileRef = 5F6B73E8281DCF3600097B27 /* IngredientsList.swift */; };
		5F6B73EB281DE49E00097B27 /* RecipesListViewController.swift in Sources */ = {isa = PBXBuildFile; fileRef = 5F6B73EA281DE49E00097B27 /* RecipesListViewController.swift */; };
		5F6B73ED281DE61200097B27 /* listRecipesTableViewCell.swift in Sources */ = {isa = PBXBuildFile; fileRef = 5F6B73EC281DE61200097B27 /* listRecipesTableViewCell.swift */; };
		5F6BACCC282E4D2100653D13 /* FavoritesRecipes.swift in Sources */ = {isa = PBXBuildFile; fileRef = 5F6BACCB282E4D2100653D13 /* FavoritesRecipes.swift */; };
		5F6DE4CD283E473A003F21DC /* CoreDataStack.swift in Sources */ = {isa = PBXBuildFile; fileRef = 5F6DE4CC283E473A003F21DC /* CoreDataStack.swift */; };
		5F7127BC2821434B00E1E886 /* SearchRecipes.storyboard in Resources */ = {isa = PBXBuildFile; fileRef = 5F7127B828213A2D00E1E886 /* SearchRecipes.storyboard */; };
		5F7127BD2821435100E1E886 /* RecipeDetails.storyboard in Resources */ = {isa = PBXBuildFile; fileRef = 5F7127BB28213B9900E1E886 /* RecipeDetails.storyboard */; };
		5F7127BE2821435400E1E886 /* RecipesList.storyboard in Resources */ = {isa = PBXBuildFile; fileRef = 5F7127BA28213B9900E1E886 /* RecipesList.storyboard */; };
		5F9566F8281AABB900B5C843 /* AppDelegate.swift in Sources */ = {isa = PBXBuildFile; fileRef = 5F9566F7281AABB900B5C843 /* AppDelegate.swift */; };
		5F9566FA281AABB900B5C843 /* SceneDelegate.swift in Sources */ = {isa = PBXBuildFile; fileRef = 5F9566F9281AABB900B5C843 /* SceneDelegate.swift */; };
		5F9566FF281AABB900B5C843 /* Main.storyboard in Resources */ = {isa = PBXBuildFile; fileRef = 5F9566FD281AABB900B5C843 /* Main.storyboard */; };
		5F956702281AABB900B5C843 /* Reciplease.xcdatamodeld in Sources */ = {isa = PBXBuildFile; fileRef = 5F956700281AABB900B5C843 /* Reciplease.xcdatamodeld */; };
		5F956704281AABBB00B5C843 /* Assets.xcassets in Resources */ = {isa = PBXBuildFile; fileRef = 5F956703281AABBB00B5C843 /* Assets.xcassets */; };
		5F956707281AABBB00B5C843 /* LaunchScreen.storyboard in Resources */ = {isa = PBXBuildFile; fileRef = 5F956705281AABBB00B5C843 /* LaunchScreen.storyboard */; };
		5FA8220028363BD700C91099 /* SessionTaskMock.swift in Sources */ = {isa = PBXBuildFile; fileRef = 5FA821FF28363BD700C91099 /* SessionTaskMock.swift */; };
		5FA8220228363EBC00C91099 /* RecipesList.json in Resources */ = {isa = PBXBuildFile; fileRef = 5FA8220128363EBC00C91099 /* RecipesList.json */; };
		5FA8220428363F3400C91099 /* RecipeServiceTest.swift in Sources */ = {isa = PBXBuildFile; fileRef = 5FA8220328363F3400C91099 /* RecipeServiceTest.swift */; };
		5FA82206283642A200C91099 /* FakeResponseData.swift in Sources */ = {isa = PBXBuildFile; fileRef = 5FA82205283642A200C91099 /* FakeResponseData.swift */; };
		5FA8220828365D5800C91099 /* CoreDataError.swift in Sources */ = {isa = PBXBuildFile; fileRef = 5FA8220728365D5800C91099 /* CoreDataError.swift */; };
		5FA8220A28365DCD00C91099 /* CoreDataManager.swift in Sources */ = {isa = PBXBuildFile; fileRef = 5FA8220928365DCD00C91099 /* CoreDataManager.swift */; };
		5FAB564A2835883B00D13ACA /* SessionTask.swift in Sources */ = {isa = PBXBuildFile; fileRef = 5FAB56492835883B00D13ACA /* SessionTask.swift */; };
		5FC8413A283A5CC600490AFD /* IngredientsListTest.swift in Sources */ = {isa = PBXBuildFile; fileRef = 5FC84139283A5CC600490AFD /* IngredientsListTest.swift */; };
		5FD305472831A6E900B2D395 /* RecipesDetailsEntity.swift in Sources */ = {isa = PBXBuildFile; fileRef = 5FD305462831A6E900B2D395 /* RecipesDetailsEntity.swift */; };
		5FEB3F1D281C7B0D00BFFC56 /* SearchRecipeViewController.swift in Sources */ = {isa = PBXBuildFile; fileRef = 5FEB3F1C281C7B0D00BFFC56 /* SearchRecipeViewController.swift */; };
		5FFF91A9283D7ED70007A34A /* MockCoreDataManager.swift in Sources */ = {isa = PBXBuildFile; fileRef = 5FFF91A8283D7ED70007A34A /* MockCoreDataManager.swift */; };
		C253B1A33B58C0FA3D1E8E53 /* Pods_Reciplease.framework in Frameworks */ = {isa = PBXBuildFile; fileRef = 7DD8193E4402CC244565A018 /* Pods_Reciplease.framework */; };
		F8C2A206158B826C829BB4DD /* Pods_RecipleaseTests.framework in Frameworks */ = {isa = PBXBuildFile; fileRef = 33A9716E868CA344C345D93B /* Pods_RecipleaseTests.framework */; };
/* End PBXBuildFile section */

/* Begin PBXContainerItemProxy section */
		5F95670E281AABBB00B5C843 /* PBXContainerItemProxy */ = {
			isa = PBXContainerItemProxy;
			containerPortal = 5F9566EC281AABB900B5C843 /* Project object */;
			proxyType = 1;
			remoteGlobalIDString = 5F9566F3281AABB900B5C843;
			remoteInfo = Reciplease;
		};
/* End PBXContainerItemProxy section */

/* Begin PBXFileReference section */
		0949E45BEE61057A067AF710 /* Pods-Reciplease.debug.xcconfig */ = {isa = PBXFileReference; includeInIndex = 1; lastKnownFileType = text.xcconfig; name = "Pods-Reciplease.debug.xcconfig"; path = "Target Support Files/Pods-Reciplease/Pods-Reciplease.debug.xcconfig"; sourceTree = "<group>"; };
		33A9716E868CA344C345D93B /* Pods_RecipleaseTests.framework */ = {isa = PBXFileReference; explicitFileType = wrapper.framework; includeInIndex = 0; path = Pods_RecipleaseTests.framework; sourceTree = BUILT_PRODUCTS_DIR; };
		483F4CB84B83F15098C54399 /* Pods-Reciplease.release.xcconfig */ = {isa = PBXFileReference; includeInIndex = 1; lastKnownFileType = text.xcconfig; name = "Pods-Reciplease.release.xcconfig"; path = "Target Support Files/Pods-Reciplease/Pods-Reciplease.release.xcconfig"; sourceTree = "<group>"; };
		4E2DA15CC00B551DF63344CF /* Pods-Reciplease-RecipleaseUITests.release.xcconfig */ = {isa = PBXFileReference; includeInIndex = 1; lastKnownFileType = text.xcconfig; name = "Pods-Reciplease-RecipleaseUITests.release.xcconfig"; path = "Target Support Files/Pods-Reciplease-RecipleaseUITests/Pods-Reciplease-RecipleaseUITests.release.xcconfig"; sourceTree = "<group>"; };
		50E3BC4DC0EE8E309D5A73FA /* Pods-RecipleaseTests.debug.xcconfig */ = {isa = PBXFileReference; includeInIndex = 1; lastKnownFileType = text.xcconfig; name = "Pods-RecipleaseTests.debug.xcconfig"; path = "Target Support Files/Pods-RecipleaseTests/Pods-RecipleaseTests.debug.xcconfig"; sourceTree = "<group>"; };
		5F4173962825417600B614A5 /* APIError.swift */ = {isa = PBXFileReference; lastKnownFileType = sourcecode.swift; path = APIError.swift; sourceTree = "<group>"; };
		5F49F2FB281FE6520092B5EC /* RecipeDetailsViewController.swift */ = {isa = PBXFileReference; lastKnownFileType = sourcecode.swift; path = RecipeDetailsViewController.swift; sourceTree = "<group>"; };
		5F49F2FE28206AF40092B5EC /* UIViewController_Alert.swift */ = {isa = PBXFileReference; lastKnownFileType = sourcecode.swift; path = UIViewController_Alert.swift; sourceTree = "<group>"; };
		5F510BC828270BD0004C89F3 /* recipeService.swift */ = {isa = PBXFileReference; lastKnownFileType = sourcecode.swift; path = recipeService.swift; sourceTree = "<group>"; };
		5F510BCA28270F8F004C89F3 /* RecipesDTO.swift */ = {isa = PBXFileReference; lastKnownFileType = sourcecode.swift; path = RecipesDTO.swift; sourceTree = "<group>"; };
		5F510BCD282710F0004C89F3 /* ApiKey.swift */ = {isa = PBXFileReference; lastKnownFileType = sourcecode.swift; path = ApiKey.swift; sourceTree = "<group>"; };
		5F60346F2828E05500EE2580 /* ImageRecipeService.swift */ = {isa = PBXFileReference; lastKnownFileType = sourcecode.swift; path = ImageRecipeService.swift; sourceTree = "<group>"; };
		5F63306A283B9BD80016045E /* ImageRecipeServiceTest.swift */ = {isa = PBXFileReference; lastKnownFileType = sourcecode.swift; path = ImageRecipeServiceTest.swift; sourceTree = "<group>"; };
		5F6B73E8281DCF3600097B27 /* IngredientsList.swift */ = {isa = PBXFileReference; lastKnownFileType = sourcecode.swift; path = IngredientsList.swift; sourceTree = "<group>"; };
		5F6B73EA281DE49E00097B27 /* RecipesListViewController.swift */ = {isa = PBXFileReference; lastKnownFileType = sourcecode.swift; path = RecipesListViewController.swift; sourceTree = "<group>"; };
		5F6B73EC281DE61200097B27 /* listRecipesTableViewCell.swift */ = {isa = PBXFileReference; lastKnownFileType = sourcecode.swift; path = listRecipesTableViewCell.swift; sourceTree = "<group>"; };
		5F6BACCB282E4D2100653D13 /* FavoritesRecipes.swift */ = {isa = PBXFileReference; lastKnownFileType = sourcecode.swift; path = FavoritesRecipes.swift; sourceTree = "<group>"; };
		5F6DE4CC283E473A003F21DC /* CoreDataStack.swift */ = {isa = PBXFileReference; lastKnownFileType = sourcecode.swift; path = CoreDataStack.swift; sourceTree = "<group>"; };
		5F7127B828213A2D00E1E886 /* SearchRecipes.storyboard */ = {isa = PBXFileReference; lastKnownFileType = file.storyboard; name = SearchRecipes.storyboard; path = "/Users/yoan/Documents/Developper/P10/Créez_l'application_Reciplease..._pour_de_bons_petits_plats!_soussand_yoan_052022/Reciplease/Reciplease/View/SearchRecipes.storyboard"; sourceTree = "<absolute>"; };
		5F7127BA28213B9900E1E886 /* RecipesList.storyboard */ = {isa = PBXFileReference; lastKnownFileType = file.storyboard; name = RecipesList.storyboard; path = "/Users/yoan/Documents/Developper/P10/Créez_l'application_Reciplease..._pour_de_bons_petits_plats!_soussand_yoan_052022/Reciplease/Reciplease/View/RecipesList.storyboard"; sourceTree = "<absolute>"; };
		5F7127BB28213B9900E1E886 /* RecipeDetails.storyboard */ = {isa = PBXFileReference; lastKnownFileType = file.storyboard; name = RecipeDetails.storyboard; path = "/Users/yoan/Documents/Developper/P10/Créez_l'application_Reciplease..._pour_de_bons_petits_plats!_soussand_yoan_052022/Reciplease/Reciplease/View/RecipeDetails.storyboard"; sourceTree = "<absolute>"; };
		5F9566F4281AABB900B5C843 /* Reciplease.app */ = {isa = PBXFileReference; explicitFileType = wrapper.application; includeInIndex = 0; path = Reciplease.app; sourceTree = BUILT_PRODUCTS_DIR; };
		5F9566F7281AABB900B5C843 /* AppDelegate.swift */ = {isa = PBXFileReference; lastKnownFileType = sourcecode.swift; path = AppDelegate.swift; sourceTree = "<group>"; };
		5F9566F9281AABB900B5C843 /* SceneDelegate.swift */ = {isa = PBXFileReference; lastKnownFileType = sourcecode.swift; path = SceneDelegate.swift; sourceTree = "<group>"; };
		5F9566FE281AABB900B5C843 /* Base */ = {isa = PBXFileReference; lastKnownFileType = file.storyboard; name = Base; path = Base.lproj/Main.storyboard; sourceTree = "<group>"; };
		5F956701281AABB900B5C843 /* Reciplease.xcdatamodel */ = {isa = PBXFileReference; lastKnownFileType = wrapper.xcdatamodel; path = Reciplease.xcdatamodel; sourceTree = "<group>"; };
		5F956703281AABBB00B5C843 /* Assets.xcassets */ = {isa = PBXFileReference; lastKnownFileType = folder.assetcatalog; path = Assets.xcassets; sourceTree = "<group>"; };
		5F956706281AABBB00B5C843 /* Base */ = {isa = PBXFileReference; lastKnownFileType = file.storyboard; name = Base; path = Base.lproj/LaunchScreen.storyboard; sourceTree = "<group>"; };
		5F956708281AABBB00B5C843 /* Info.plist */ = {isa = PBXFileReference; lastKnownFileType = text.plist.xml; path = Info.plist; sourceTree = "<group>"; };
		5F95670D281AABBB00B5C843 /* RecipleaseTests.xctest */ = {isa = PBXFileReference; explicitFileType = wrapper.cfbundle; includeInIndex = 0; path = RecipleaseTests.xctest; sourceTree = BUILT_PRODUCTS_DIR; };
		5FA821FF28363BD700C91099 /* SessionTaskMock.swift */ = {isa = PBXFileReference; lastKnownFileType = sourcecode.swift; path = SessionTaskMock.swift; sourceTree = "<group>"; };
		5FA8220128363EBC00C91099 /* RecipesList.json */ = {isa = PBXFileReference; lastKnownFileType = text.json; path = RecipesList.json; sourceTree = "<group>"; };
		5FA8220328363F3400C91099 /* RecipeServiceTest.swift */ = {isa = PBXFileReference; lastKnownFileType = sourcecode.swift; path = RecipeServiceTest.swift; sourceTree = "<group>"; };
		5FA82205283642A200C91099 /* FakeResponseData.swift */ = {isa = PBXFileReference; lastKnownFileType = sourcecode.swift; path = FakeResponseData.swift; sourceTree = "<group>"; };
		5FA8220728365D5800C91099 /* CoreDataError.swift */ = {isa = PBXFileReference; lastKnownFileType = sourcecode.swift; path = CoreDataError.swift; sourceTree = "<group>"; };
		5FA8220928365DCD00C91099 /* CoreDataManager.swift */ = {isa = PBXFileReference; lastKnownFileType = sourcecode.swift; path = CoreDataManager.swift; sourceTree = "<group>"; };
		5FAB56492835883B00D13ACA /* SessionTask.swift */ = {isa = PBXFileReference; lastKnownFileType = sourcecode.swift; path = SessionTask.swift; sourceTree = "<group>"; };
		5FC84139283A5CC600490AFD /* IngredientsListTest.swift */ = {isa = PBXFileReference; lastKnownFileType = sourcecode.swift; path = IngredientsListTest.swift; sourceTree = "<group>"; };
		5FD305462831A6E900B2D395 /* RecipesDetailsEntity.swift */ = {isa = PBXFileReference; lastKnownFileType = sourcecode.swift; path = RecipesDetailsEntity.swift; sourceTree = "<group>"; };
		5FEB3F1C281C7B0D00BFFC56 /* SearchRecipeViewController.swift */ = {isa = PBXFileReference; lastKnownFileType = sourcecode.swift; path = SearchRecipeViewController.swift; sourceTree = "<group>"; };
		5FFF91A8283D7ED70007A34A /* MockCoreDataManager.swift */ = {isa = PBXFileReference; lastKnownFileType = sourcecode.swift; path = MockCoreDataManager.swift; sourceTree = "<group>"; };
		7DD8193E4402CC244565A018 /* Pods_Reciplease.framework */ = {isa = PBXFileReference; explicitFileType = wrapper.framework; includeInIndex = 0; path = Pods_Reciplease.framework; sourceTree = BUILT_PRODUCTS_DIR; };
		B301FFE314DCC4C5F5526DB4 /* Pods-RecipleaseTests.release.xcconfig */ = {isa = PBXFileReference; includeInIndex = 1; lastKnownFileType = text.xcconfig; name = "Pods-RecipleaseTests.release.xcconfig"; path = "Target Support Files/Pods-RecipleaseTests/Pods-RecipleaseTests.release.xcconfig"; sourceTree = "<group>"; };
		B7FEE1C5BF66A6EC337D4835 /* Pods-Reciplease-RecipleaseUITests.debug.xcconfig */ = {isa = PBXFileReference; includeInIndex = 1; lastKnownFileType = text.xcconfig; name = "Pods-Reciplease-RecipleaseUITests.debug.xcconfig"; path = "Target Support Files/Pods-Reciplease-RecipleaseUITests/Pods-Reciplease-RecipleaseUITests.debug.xcconfig"; sourceTree = "<group>"; };
		C8CC13D20D178F95B940C9DB /* Pods_Reciplease_RecipleaseUITests.framework */ = {isa = PBXFileReference; explicitFileType = wrapper.framework; includeInIndex = 0; path = Pods_Reciplease_RecipleaseUITests.framework; sourceTree = BUILT_PRODUCTS_DIR; };
/* End PBXFileReference section */

/* Begin PBXFrameworksBuildPhase section */
		5F9566F1281AABB900B5C843 /* Frameworks */ = {
			isa = PBXFrameworksBuildPhase;
			buildActionMask = 2147483647;
			files = (
				C253B1A33B58C0FA3D1E8E53 /* Pods_Reciplease.framework in Frameworks */,
			);
			runOnlyForDeploymentPostprocessing = 0;
		};
		5F95670A281AABBB00B5C843 /* Frameworks */ = {
			isa = PBXFrameworksBuildPhase;
			buildActionMask = 2147483647;
			files = (
				F8C2A206158B826C829BB4DD /* Pods_RecipleaseTests.framework in Frameworks */,
			);
			runOnlyForDeploymentPostprocessing = 0;
		};
/* End PBXFrameworksBuildPhase section */

/* Begin PBXGroup section */
		02909F899A8C1A8FD2F50DBD /* Pods */ = {
			isa = PBXGroup;
			children = (
				0949E45BEE61057A067AF710 /* Pods-Reciplease.debug.xcconfig */,
				483F4CB84B83F15098C54399 /* Pods-Reciplease.release.xcconfig */,
				B7FEE1C5BF66A6EC337D4835 /* Pods-Reciplease-RecipleaseUITests.debug.xcconfig */,
				4E2DA15CC00B551DF63344CF /* Pods-Reciplease-RecipleaseUITests.release.xcconfig */,
				50E3BC4DC0EE8E309D5A73FA /* Pods-RecipleaseTests.debug.xcconfig */,
				B301FFE314DCC4C5F5526DB4 /* Pods-RecipleaseTests.release.xcconfig */,
			);
			path = Pods;
			sourceTree = "<group>";
		};
		16EDC3A08A7A5E7204515C2A /* Frameworks */ = {
			isa = PBXGroup;
			children = (
				7DD8193E4402CC244565A018 /* Pods_Reciplease.framework */,
				C8CC13D20D178F95B940C9DB /* Pods_Reciplease_RecipleaseUITests.framework */,
				33A9716E868CA344C345D93B /* Pods_RecipleaseTests.framework */,
			);
			name = Frameworks;
			sourceTree = "<group>";
		};
		5F49F2FD28206AA90092B5EC /* Extension */ = {
			isa = PBXGroup;
			children = (
				5F49F2FE28206AF40092B5EC /* UIViewController_Alert.swift */,
			);
			path = Extension;
			sourceTree = "<group>";
		};
		5F6DE4CE283E4756003F21DC /* CoreData */ = {
			isa = PBXGroup;
			children = (
				5F956700281AABB900B5C843 /* Reciplease.xcdatamodeld */,
				5FA8220928365DCD00C91099 /* CoreDataManager.swift */,
				5F6DE4CC283E473A003F21DC /* CoreDataStack.swift */,
			);
			path = CoreData;
			sourceTree = "<group>";
		};
		5F9566EB281AABB900B5C843 = {
			isa = PBXGroup;
			children = (
				5F9566F6281AABB900B5C843 /* Reciplease */,
				5F956710281AABBB00B5C843 /* RecipleaseTests */,
				5F9566F5281AABB900B5C843 /* Products */,
				02909F899A8C1A8FD2F50DBD /* Pods */,
				16EDC3A08A7A5E7204515C2A /* Frameworks */,
			);
			sourceTree = "<group>";
		};
		5F9566F5281AABB900B5C843 /* Products */ = {
			isa = PBXGroup;
			children = (
				5F9566F4281AABB900B5C843 /* Reciplease.app */,
				5F95670D281AABBB00B5C843 /* RecipleaseTests.xctest */,
			);
			name = Products;
			sourceTree = "<group>";
		};
		5F9566F6281AABB900B5C843 /* Reciplease */ = {
			isa = PBXGroup;
			children = (
				5F49F2FD28206AA90092B5EC /* Extension */,
				5F9566F7281AABB900B5C843 /* AppDelegate.swift */,
				5F9566F9281AABB900B5C843 /* SceneDelegate.swift */,
				5F95672F281AAC6700B5C843 /* SupportingFiles */,
				5F95672E281AAC4800B5C843 /* Service */,
				5F95672D281AAC4300B5C843 /* Model */,
				5F95672C281AAC3B00B5C843 /* View */,
				5F95672B281AAC3700B5C843 /* Controller */,
			);
			path = Reciplease;
			sourceTree = "<group>";
		};
		5F956710281AABBB00B5C843 /* RecipleaseTests */ = {
			isa = PBXGroup;
			children = (
				5FC84137283A5C6200490AFD /* SupportingFilesTest */,
				5FC84136283A5BFD00490AFD /* ServicesTest */,
				5FC84138283A5C8E00490AFD /* ModelTest */,
			);
			path = RecipleaseTests;
			sourceTree = "<group>";
		};
		5F95672B281AAC3700B5C843 /* Controller */ = {
			isa = PBXGroup;
			children = (
				5FEB3F1C281C7B0D00BFFC56 /* SearchRecipeViewController.swift */,
				5F6B73EA281DE49E00097B27 /* RecipesListViewController.swift */,
				5F49F2FB281FE6520092B5EC /* RecipeDetailsViewController.swift */,
			);
			path = Controller;
			sourceTree = "<group>";
		};
		5F95672C281AAC3B00B5C843 /* View */ = {
			isa = PBXGroup;
			children = (
				5F7127B828213A2D00E1E886 /* SearchRecipes.storyboard */,
				5F7127BB28213B9900E1E886 /* RecipeDetails.storyboard */,
				5F7127BA28213B9900E1E886 /* RecipesList.storyboard */,
				5F9566FD281AABB900B5C843 /* Main.storyboard */,
				5F956705281AABBB00B5C843 /* LaunchScreen.storyboard */,
				5F6B73EC281DE61200097B27 /* listRecipesTableViewCell.swift */,
			);
			path = View;
			sourceTree = "<group>";
		};
		5F95672D281AAC4300B5C843 /* Model */ = {
			isa = PBXGroup;
			children = (
				5F6DE4CE283E4756003F21DC /* CoreData */,
				5F6B73E8281DCF3600097B27 /* IngredientsList.swift */,
				5F6BACCB282E4D2100653D13 /* FavoritesRecipes.swift */,
				5FD305462831A6E900B2D395 /* RecipesDetailsEntity.swift */,
				5FA8220728365D5800C91099 /* CoreDataError.swift */,
			);
			path = Model;
			sourceTree = "<group>";
		};
		5F95672E281AAC4800B5C843 /* Service */ = {
			isa = PBXGroup;
			children = (
				5FAB56492835883B00D13ACA /* SessionTask.swift */,
				5F4173962825417600B614A5 /* APIError.swift */,
				5F60346F2828E05500EE2580 /* ImageRecipeService.swift */,
				5F510BC828270BD0004C89F3 /* recipeService.swift */,
				5F510BCA28270F8F004C89F3 /* RecipesDTO.swift */,
				5F510BCD282710F0004C89F3 /* ApiKey.swift */,
			);
			path = Service;
			sourceTree = "<group>";
		};
		5F95672F281AAC6700B5C843 /* SupportingFiles */ = {
			isa = PBXGroup;
			children = (
				5F956703281AABBB00B5C843 /* Assets.xcassets */,
				5F956708281AABBB00B5C843 /* Info.plist */,
			);
			path = SupportingFiles;
			sourceTree = "<group>";
		};
		5FC84136283A5BFD00490AFD /* ServicesTest */ = {
			isa = PBXGroup;
			children = (
				5FA8220328363F3400C91099 /* RecipeServiceTest.swift */,
				5F63306A283B9BD80016045E /* ImageRecipeServiceTest.swift */,
			);
			path = ServicesTest;
			sourceTree = "<group>";
		};
		5FC84137283A5C6200490AFD /* SupportingFilesTest */ = {
			isa = PBXGroup;
			children = (
				5FA821FF28363BD700C91099 /* SessionTaskMock.swift */,
				5FA82205283642A200C91099 /* FakeResponseData.swift */,
				5FA8220128363EBC00C91099 /* RecipesList.json */,
				5FFF91A8283D7ED70007A34A /* MockCoreDataManager.swift */,
			);
			path = SupportingFilesTest;
			sourceTree = "<group>";
		};
		5FC84138283A5C8E00490AFD /* ModelTest */ = {
			isa = PBXGroup;
			children = (
				5FC84139283A5CC600490AFD /* IngredientsListTest.swift */,
			);
			path = ModelTest;
			sourceTree = "<group>";
		};
/* End PBXGroup section */

/* Begin PBXNativeTarget section */
		5F9566F3281AABB900B5C843 /* Reciplease */ = {
			isa = PBXNativeTarget;
			buildConfigurationList = 5F956721281AABBB00B5C843 /* Build configuration list for PBXNativeTarget "Reciplease" */;
			buildPhases = (
				A408932700F59D166E86F036 /* [CP] Check Pods Manifest.lock */,
				5F9566F0281AABB900B5C843 /* Sources */,
				5F9566F1281AABB900B5C843 /* Frameworks */,
				5F9566F2281AABB900B5C843 /* Resources */,
				120EF9B0D272F7581B54FBA2 /* [CP] Embed Pods Frameworks */,
			);
			buildRules = (
			);
			dependencies = (
			);
			name = Reciplease;
			productName = Reciplease;
			productReference = 5F9566F4281AABB900B5C843 /* Reciplease.app */;
			productType = "com.apple.product-type.application";
		};
		5F95670C281AABBB00B5C843 /* RecipleaseTests */ = {
			isa = PBXNativeTarget;
			buildConfigurationList = 5F956724281AABBB00B5C843 /* Build configuration list for PBXNativeTarget "RecipleaseTests" */;
			buildPhases = (
				F19313963CD2BAC2E8731181 /* [CP] Check Pods Manifest.lock */,
				5F956709281AABBB00B5C843 /* Sources */,
				5F95670A281AABBB00B5C843 /* Frameworks */,
				5F95670B281AABBB00B5C843 /* Resources */,
			);
			buildRules = (
			);
			dependencies = (
				5F95670F281AABBB00B5C843 /* PBXTargetDependency */,
			);
			name = RecipleaseTests;
			productName = RecipleaseTests;
			productReference = 5F95670D281AABBB00B5C843 /* RecipleaseTests.xctest */;
			productType = "com.apple.product-type.bundle.unit-test";
		};
/* End PBXNativeTarget section */

/* Begin PBXProject section */
		5F9566EC281AABB900B5C843 /* Project object */ = {
			isa = PBXProject;
			attributes = {
				BuildIndependentTargetsInParallel = 1;
				LastSwiftUpdateCheck = 1330;
				LastUpgradeCheck = 1330;
				TargetAttributes = {
					5F9566F3281AABB900B5C843 = {
						CreatedOnToolsVersion = 13.3.1;
					};
					5F95670C281AABBB00B5C843 = {
						CreatedOnToolsVersion = 13.3.1;
						TestTargetID = 5F9566F3281AABB900B5C843;
					};
				};
			};
			buildConfigurationList = 5F9566EF281AABB900B5C843 /* Build configuration list for PBXProject "Reciplease" */;
			compatibilityVersion = "Xcode 13.0";
			developmentRegion = en;
			hasScannedForEncodings = 0;
			knownRegions = (
				en,
				Base,
			);
			mainGroup = 5F9566EB281AABB900B5C843;
			productRefGroup = 5F9566F5281AABB900B5C843 /* Products */;
			projectDirPath = "";
			projectRoot = "";
			targets = (
				5F9566F3281AABB900B5C843 /* Reciplease */,
				5F95670C281AABBB00B5C843 /* RecipleaseTests */,
			);
		};
/* End PBXProject section */

/* Begin PBXResourcesBuildPhase section */
		5F9566F2281AABB900B5C843 /* Resources */ = {
			isa = PBXResourcesBuildPhase;
			buildActionMask = 2147483647;
			files = (
				5F7127BE2821435400E1E886 /* RecipesList.storyboard in Resources */,
				5F7127BD2821435100E1E886 /* RecipeDetails.storyboard in Resources */,
				5F7127BC2821434B00E1E886 /* SearchRecipes.storyboard in Resources */,
				5F956707281AABBB00B5C843 /* LaunchScreen.storyboard in Resources */,
				5F956704281AABBB00B5C843 /* Assets.xcassets in Resources */,
				5F9566FF281AABB900B5C843 /* Main.storyboard in Resources */,
			);
			runOnlyForDeploymentPostprocessing = 0;
		};
		5F95670B281AABBB00B5C843 /* Resources */ = {
			isa = PBXResourcesBuildPhase;
			buildActionMask = 2147483647;
			files = (
				5FA8220228363EBC00C91099 /* RecipesList.json in Resources */,
			);
			runOnlyForDeploymentPostprocessing = 0;
		};
/* End PBXResourcesBuildPhase section */

/* Begin PBXShellScriptBuildPhase section */
		120EF9B0D272F7581B54FBA2 /* [CP] Embed Pods Frameworks */ = {
			isa = PBXShellScriptBuildPhase;
			buildActionMask = 2147483647;
			files = (
			);
			inputFileListPaths = (
				"${PODS_ROOT}/Target Support Files/Pods-Reciplease/Pods-Reciplease-frameworks-${CONFIGURATION}-input-files.xcfilelist",
			);
			name = "[CP] Embed Pods Frameworks";
			outputFileListPaths = (
				"${PODS_ROOT}/Target Support Files/Pods-Reciplease/Pods-Reciplease-frameworks-${CONFIGURATION}-output-files.xcfilelist",
			);
			runOnlyForDeploymentPostprocessing = 0;
			shellPath = /bin/sh;
			shellScript = "\"${PODS_ROOT}/Target Support Files/Pods-Reciplease/Pods-Reciplease-frameworks.sh\"\n";
			showEnvVarsInLog = 0;
		};
		A408932700F59D166E86F036 /* [CP] Check Pods Manifest.lock */ = {
			isa = PBXShellScriptBuildPhase;
			buildActionMask = 2147483647;
			files = (
			);
			inputFileListPaths = (
			);
			inputPaths = (
				"${PODS_PODFILE_DIR_PATH}/Podfile.lock",
				"${PODS_ROOT}/Manifest.lock",
			);
			name = "[CP] Check Pods Manifest.lock";
			outputFileListPaths = (
			);
			outputPaths = (
				"$(DERIVED_FILE_DIR)/Pods-Reciplease-checkManifestLockResult.txt",
			);
			runOnlyForDeploymentPostprocessing = 0;
			shellPath = /bin/sh;
			shellScript = "diff \"${PODS_PODFILE_DIR_PATH}/Podfile.lock\" \"${PODS_ROOT}/Manifest.lock\" > /dev/null\nif [ $? != 0 ] ; then\n    # print error to STDERR\n    echo \"error: The sandbox is not in sync with the Podfile.lock. Run 'pod install' or update your CocoaPods installation.\" >&2\n    exit 1\nfi\n# This output is used by Xcode 'outputs' to avoid re-running this script phase.\necho \"SUCCESS\" > \"${SCRIPT_OUTPUT_FILE_0}\"\n";
			showEnvVarsInLog = 0;
		};
		F19313963CD2BAC2E8731181 /* [CP] Check Pods Manifest.lock */ = {
			isa = PBXShellScriptBuildPhase;
			buildActionMask = 2147483647;
			files = (
			);
			inputFileListPaths = (
			);
			inputPaths = (
				"${PODS_PODFILE_DIR_PATH}/Podfile.lock",
				"${PODS_ROOT}/Manifest.lock",
			);
			name = "[CP] Check Pods Manifest.lock";
			outputFileListPaths = (
			);
			outputPaths = (
				"$(DERIVED_FILE_DIR)/Pods-RecipleaseTests-checkManifestLockResult.txt",
			);
			runOnlyForDeploymentPostprocessing = 0;
			shellPath = /bin/sh;
			shellScript = "diff \"${PODS_PODFILE_DIR_PATH}/Podfile.lock\" \"${PODS_ROOT}/Manifest.lock\" > /dev/null\nif [ $? != 0 ] ; then\n    # print error to STDERR\n    echo \"error: The sandbox is not in sync with the Podfile.lock. Run 'pod install' or update your CocoaPods installation.\" >&2\n    exit 1\nfi\n# This output is used by Xcode 'outputs' to avoid re-running this script phase.\necho \"SUCCESS\" > \"${SCRIPT_OUTPUT_FILE_0}\"\n";
			showEnvVarsInLog = 0;
		};
/* End PBXShellScriptBuildPhase section */

/* Begin PBXSourcesBuildPhase section */
		5F9566F0281AABB900B5C843 /* Sources */ = {
			isa = PBXSourcesBuildPhase;
			buildActionMask = 2147483647;
			files = (
				5F6B73ED281DE61200097B27 /* listRecipesTableViewCell.swift in Sources */,
				5FAB564A2835883B00D13ACA /* SessionTask.swift in Sources */,
				5F510BCE282710F0004C89F3 /* ApiKey.swift in Sources */,
				5F6B73E9281DCF3600097B27 /* IngredientsList.swift in Sources */,
				5FD305472831A6E900B2D395 /* RecipesDetailsEntity.swift in Sources */,
				5F510BC928270BD0004C89F3 /* recipeService.swift in Sources */,
				5FEB3F1D281C7B0D00BFFC56 /* SearchRecipeViewController.swift in Sources */,
				5F6BACCC282E4D2100653D13 /* FavoritesRecipes.swift in Sources */,
				5F6B73EB281DE49E00097B27 /* RecipesListViewController.swift in Sources */,
				5F956702281AABB900B5C843 /* Reciplease.xcdatamodeld in Sources */,
				5F49F2FF28206AF40092B5EC /* UIViewController_Alert.swift in Sources */,
				5F9566F8281AABB900B5C843 /* AppDelegate.swift in Sources */,
				5F9566FA281AABB900B5C843 /* SceneDelegate.swift in Sources */,
				5FA8220828365D5800C91099 /* CoreDataError.swift in Sources */,
				5F510BCB28270F8F004C89F3 /* RecipesDTO.swift in Sources */,
				5F6DE4CD283E473A003F21DC /* CoreDataStack.swift in Sources */,
				5F49F2FC281FE6520092B5EC /* RecipeDetailsViewController.swift in Sources */,
				5F4173972825417600B614A5 /* APIError.swift in Sources */,
				5FA8220A28365DCD00C91099 /* CoreDataManager.swift in Sources */,
				5F6034702828E05500EE2580 /* ImageRecipeService.swift in Sources */,
			);
			runOnlyForDeploymentPostprocessing = 0;
		};
		5F956709281AABBB00B5C843 /* Sources */ = {
			isa = PBXSourcesBuildPhase;
			buildActionMask = 2147483647;
			files = (
				5F63306B283B9BD80016045E /* ImageRecipeServiceTest.swift in Sources */,
				5FC8413A283A5CC600490AFD /* IngredientsListTest.swift in Sources */,
				5FA8220028363BD700C91099 /* SessionTaskMock.swift in Sources */,
				5FA8220428363F3400C91099 /* RecipeServiceTest.swift in Sources */,
				5FFF91A9283D7ED70007A34A /* MockCoreDataManager.swift in Sources */,
				5FA82206283642A200C91099 /* FakeResponseData.swift in Sources */,
			);
			runOnlyForDeploymentPostprocessing = 0;
		};
/* End PBXSourcesBuildPhase section */

/* Begin PBXTargetDependency section */
		5F95670F281AABBB00B5C843 /* PBXTargetDependency */ = {
			isa = PBXTargetDependency;
			target = 5F9566F3281AABB900B5C843 /* Reciplease */;
			targetProxy = 5F95670E281AABBB00B5C843 /* PBXContainerItemProxy */;
		};
/* End PBXTargetDependency section */

/* Begin PBXVariantGroup section */
		5F9566FD281AABB900B5C843 /* Main.storyboard */ = {
			isa = PBXVariantGroup;
			children = (
				5F9566FE281AABB900B5C843 /* Base */,
			);
			name = Main.storyboard;
			sourceTree = "<group>";
		};
		5F956705281AABBB00B5C843 /* LaunchScreen.storyboard */ = {
			isa = PBXVariantGroup;
			children = (
				5F956706281AABBB00B5C843 /* Base */,
			);
			name = LaunchScreen.storyboard;
			sourceTree = "<group>";
		};
/* End PBXVariantGroup section */

/* Begin XCBuildConfiguration section */
		5F95671F281AABBB00B5C843 /* Debug */ = {
			isa = XCBuildConfiguration;
			buildSettings = {
				ALWAYS_SEARCH_USER_PATHS = NO;
				CLANG_ANALYZER_NONNULL = YES;
				CLANG_ANALYZER_NUMBER_OBJECT_CONVERSION = YES_AGGRESSIVE;
				CLANG_CXX_LANGUAGE_STANDARD = "gnu++17";
				CLANG_ENABLE_MODULES = YES;
				CLANG_ENABLE_OBJC_ARC = YES;
				CLANG_ENABLE_OBJC_WEAK = YES;
				CLANG_WARN_BLOCK_CAPTURE_AUTORELEASING = YES;
				CLANG_WARN_BOOL_CONVERSION = YES;
				CLANG_WARN_COMMA = YES;
				CLANG_WARN_CONSTANT_CONVERSION = YES;
				CLANG_WARN_DEPRECATED_OBJC_IMPLEMENTATIONS = YES;
				CLANG_WARN_DIRECT_OBJC_ISA_USAGE = YES_ERROR;
				CLANG_WARN_DOCUMENTATION_COMMENTS = YES;
				CLANG_WARN_EMPTY_BODY = YES;
				CLANG_WARN_ENUM_CONVERSION = YES;
				CLANG_WARN_INFINITE_RECURSION = YES;
				CLANG_WARN_INT_CONVERSION = YES;
				CLANG_WARN_NON_LITERAL_NULL_CONVERSION = YES;
				CLANG_WARN_OBJC_IMPLICIT_RETAIN_SELF = YES;
				CLANG_WARN_OBJC_LITERAL_CONVERSION = YES;
				CLANG_WARN_OBJC_ROOT_CLASS = YES_ERROR;
				CLANG_WARN_QUOTED_INCLUDE_IN_FRAMEWORK_HEADER = YES;
				CLANG_WARN_RANGE_LOOP_ANALYSIS = YES;
				CLANG_WARN_STRICT_PROTOTYPES = YES;
				CLANG_WARN_SUSPICIOUS_MOVE = YES;
				CLANG_WARN_UNGUARDED_AVAILABILITY = YES_AGGRESSIVE;
				CLANG_WARN_UNREACHABLE_CODE = YES;
				CLANG_WARN__DUPLICATE_METHOD_MATCH = YES;
				COPY_PHASE_STRIP = NO;
				DEBUG_INFORMATION_FORMAT = dwarf;
				ENABLE_STRICT_OBJC_MSGSEND = YES;
				ENABLE_TESTABILITY = YES;
				GCC_C_LANGUAGE_STANDARD = gnu11;
				GCC_DYNAMIC_NO_PIC = NO;
				GCC_NO_COMMON_BLOCKS = YES;
				GCC_OPTIMIZATION_LEVEL = 0;
				GCC_PREPROCESSOR_DEFINITIONS = (
					"DEBUG=1",
					"$(inherited)",
				);
				GCC_WARN_64_TO_32_BIT_CONVERSION = YES;
				GCC_WARN_ABOUT_RETURN_TYPE = YES_ERROR;
				GCC_WARN_UNDECLARED_SELECTOR = YES;
				GCC_WARN_UNINITIALIZED_AUTOS = YES_AGGRESSIVE;
				GCC_WARN_UNUSED_FUNCTION = YES;
				GCC_WARN_UNUSED_VARIABLE = YES;
				IPHONEOS_DEPLOYMENT_TARGET = 13.0;
				MTL_ENABLE_DEBUG_INFO = INCLUDE_SOURCE;
				MTL_FAST_MATH = YES;
				ONLY_ACTIVE_ARCH = YES;
				SDKROOT = iphoneos;
				SWIFT_ACTIVE_COMPILATION_CONDITIONS = DEBUG;
				SWIFT_OPTIMIZATION_LEVEL = "-Onone";
			};
			name = Debug;
		};
		5F956720281AABBB00B5C843 /* Release */ = {
			isa = XCBuildConfiguration;
			buildSettings = {
				ALWAYS_SEARCH_USER_PATHS = NO;
				CLANG_ANALYZER_NONNULL = YES;
				CLANG_ANALYZER_NUMBER_OBJECT_CONVERSION = YES_AGGRESSIVE;
				CLANG_CXX_LANGUAGE_STANDARD = "gnu++17";
				CLANG_ENABLE_MODULES = YES;
				CLANG_ENABLE_OBJC_ARC = YES;
				CLANG_ENABLE_OBJC_WEAK = YES;
				CLANG_WARN_BLOCK_CAPTURE_AUTORELEASING = YES;
				CLANG_WARN_BOOL_CONVERSION = YES;
				CLANG_WARN_COMMA = YES;
				CLANG_WARN_CONSTANT_CONVERSION = YES;
				CLANG_WARN_DEPRECATED_OBJC_IMPLEMENTATIONS = YES;
				CLANG_WARN_DIRECT_OBJC_ISA_USAGE = YES_ERROR;
				CLANG_WARN_DOCUMENTATION_COMMENTS = YES;
				CLANG_WARN_EMPTY_BODY = YES;
				CLANG_WARN_ENUM_CONVERSION = YES;
				CLANG_WARN_INFINITE_RECURSION = YES;
				CLANG_WARN_INT_CONVERSION = YES;
				CLANG_WARN_NON_LITERAL_NULL_CONVERSION = YES;
				CLANG_WARN_OBJC_IMPLICIT_RETAIN_SELF = YES;
				CLANG_WARN_OBJC_LITERAL_CONVERSION = YES;
				CLANG_WARN_OBJC_ROOT_CLASS = YES_ERROR;
				CLANG_WARN_QUOTED_INCLUDE_IN_FRAMEWORK_HEADER = YES;
				CLANG_WARN_RANGE_LOOP_ANALYSIS = YES;
				CLANG_WARN_STRICT_PROTOTYPES = YES;
				CLANG_WARN_SUSPICIOUS_MOVE = YES;
				CLANG_WARN_UNGUARDED_AVAILABILITY = YES_AGGRESSIVE;
				CLANG_WARN_UNREACHABLE_CODE = YES;
				CLANG_WARN__DUPLICATE_METHOD_MATCH = YES;
				COPY_PHASE_STRIP = NO;
				DEBUG_INFORMATION_FORMAT = "dwarf-with-dsym";
				ENABLE_NS_ASSERTIONS = NO;
				ENABLE_STRICT_OBJC_MSGSEND = YES;
				GCC_C_LANGUAGE_STANDARD = gnu11;
				GCC_NO_COMMON_BLOCKS = YES;
				GCC_WARN_64_TO_32_BIT_CONVERSION = YES;
				GCC_WARN_ABOUT_RETURN_TYPE = YES_ERROR;
				GCC_WARN_UNDECLARED_SELECTOR = YES;
				GCC_WARN_UNINITIALIZED_AUTOS = YES_AGGRESSIVE;
				GCC_WARN_UNUSED_FUNCTION = YES;
				GCC_WARN_UNUSED_VARIABLE = YES;
				INFOPLIST_FILE = "";
				IPHONEOS_DEPLOYMENT_TARGET = 13.0;
				MTL_ENABLE_DEBUG_INFO = NO;
				MTL_FAST_MATH = YES;
				SDKROOT = iphoneos;
				SWIFT_COMPILATION_MODE = wholemodule;
				SWIFT_OPTIMIZATION_LEVEL = "-O";
				VALIDATE_PRODUCT = YES;
			};
			name = Release;
		};
		5F956722281AABBB00B5C843 /* Debug */ = {
			isa = XCBuildConfiguration;
			baseConfigurationReference = 0949E45BEE61057A067AF710 /* Pods-Reciplease.debug.xcconfig */;
			buildSettings = {
				ASSETCATALOG_COMPILER_APPICON_NAME = AppIcon;
				ASSETCATALOG_COMPILER_GLOBAL_ACCENT_COLOR_NAME = AccentColor;
				CODE_SIGN_STYLE = Automatic;
				CURRENT_PROJECT_VERSION = 1;
				DEVELOPMENT_TEAM = NLCUCTBNY2;
				GENERATE_INFOPLIST_FILE = YES;
				INFOPLIST_FILE = Reciplease/SupportingFiles/Info.plist;
				INFOPLIST_KEY_UIApplicationSupportsIndirectInputEvents = YES;
				INFOPLIST_KEY_UILaunchStoryboardName = LaunchScreen;
				INFOPLIST_KEY_UIMainStoryboardFile = Main;
				INFOPLIST_KEY_UISupportedInterfaceOrientations_iPad = "UIInterfaceOrientationPortrait UIInterfaceOrientationPortraitUpsideDown UIInterfaceOrientationLandscapeLeft UIInterfaceOrientationLandscapeRight";
				INFOPLIST_KEY_UISupportedInterfaceOrientations_iPhone = "UIInterfaceOrientationPortrait UIInterfaceOrientationLandscapeLeft UIInterfaceOrientationLandscapeRight";
				IPHONEOS_DEPLOYMENT_TARGET = 13.0;
				LD_RUNPATH_SEARCH_PATHS = (
					"$(inherited)",
					"@executable_path/Frameworks",
				);
				MARKETING_VERSION = 1.0;
				PRODUCT_BUNDLE_IDENTIFIER = com.yoan.Reciplease;
				PRODUCT_NAME = "$(TARGET_NAME)";
				SWIFT_EMIT_LOC_STRINGS = YES;
				SWIFT_VERSION = 5.0;
				TARGETED_DEVICE_FAMILY = "1,2";
			};
			name = Debug;
		};
		5F956723281AABBB00B5C843 /* Release */ = {
			isa = XCBuildConfiguration;
			baseConfigurationReference = 483F4CB84B83F15098C54399 /* Pods-Reciplease.release.xcconfig */;
			buildSettings = {
				ASSETCATALOG_COMPILER_APPICON_NAME = AppIcon;
				ASSETCATALOG_COMPILER_GLOBAL_ACCENT_COLOR_NAME = AccentColor;
				CODE_SIGN_STYLE = Automatic;
				CURRENT_PROJECT_VERSION = 1;
				DEVELOPMENT_TEAM = NLCUCTBNY2;
				GENERATE_INFOPLIST_FILE = YES;
				INFOPLIST_FILE = Reciplease/SupportingFiles/Info.plist;
				INFOPLIST_KEY_UIApplicationSupportsIndirectInputEvents = YES;
				INFOPLIST_KEY_UILaunchStoryboardName = LaunchScreen;
				INFOPLIST_KEY_UIMainStoryboardFile = Main;
				INFOPLIST_KEY_UISupportedInterfaceOrientations_iPad = "UIInterfaceOrientationPortrait UIInterfaceOrientationPortraitUpsideDown UIInterfaceOrientationLandscapeLeft UIInterfaceOrientationLandscapeRight";
				INFOPLIST_KEY_UISupportedInterfaceOrientations_iPhone = "UIInterfaceOrientationPortrait UIInterfaceOrientationLandscapeLeft UIInterfaceOrientationLandscapeRight";
				IPHONEOS_DEPLOYMENT_TARGET = 13.0;
				LD_RUNPATH_SEARCH_PATHS = (
					"$(inherited)",
					"@executable_path/Frameworks",
				);
				MARKETING_VERSION = 1.0;
				PRODUCT_BUNDLE_IDENTIFIER = com.yoan.Reciplease;
				PRODUCT_NAME = "$(TARGET_NAME)";
				SWIFT_EMIT_LOC_STRINGS = YES;
				SWIFT_VERSION = 5.0;
				TARGETED_DEVICE_FAMILY = "1,2";
			};
			name = Release;
		};
		5F956725281AABBB00B5C843 /* Debug */ = {
			isa = XCBuildConfiguration;
			baseConfigurationReference = 50E3BC4DC0EE8E309D5A73FA /* Pods-RecipleaseTests.debug.xcconfig */;
			buildSettings = {
				ALWAYS_EMBED_SWIFT_STANDARD_LIBRARIES = YES;
				BUNDLE_LOADER = "$(TEST_HOST)";
				CODE_SIGN_STYLE = Automatic;
				CURRENT_PROJECT_VERSION = 1;
				DEVELOPMENT_TEAM = NLCUCTBNY2;
				GENERATE_INFOPLIST_FILE = YES;
				IPHONEOS_DEPLOYMENT_TARGET = 13.0;
				MARKETING_VERSION = 1.0;
				PRODUCT_BUNDLE_IDENTIFIER = com.yoan.RecipleaseTests;
				PRODUCT_NAME = "$(TARGET_NAME)";
				SWIFT_EMIT_LOC_STRINGS = NO;
				SWIFT_VERSION = 5.0;
				TARGETED_DEVICE_FAMILY = "1,2";
				TEST_HOST = "$(BUILT_PRODUCTS_DIR)/Reciplease.app/Reciplease";
			};
			name = Debug;
		};
		5F956726281AABBB00B5C843 /* Release */ = {
			isa = XCBuildConfiguration;
			baseConfigurationReference = B301FFE314DCC4C5F5526DB4 /* Pods-RecipleaseTests.release.xcconfig */;
			buildSettings = {
				ALWAYS_EMBED_SWIFT_STANDARD_LIBRARIES = YES;
				BUNDLE_LOADER = "$(TEST_HOST)";
				CODE_SIGN_STYLE = Automatic;
				CURRENT_PROJECT_VERSION = 1;
				DEVELOPMENT_TEAM = NLCUCTBNY2;
				GENERATE_INFOPLIST_FILE = YES;
				IPHONEOS_DEPLOYMENT_TARGET = 13.0;
				MARKETING_VERSION = 1.0;
				PRODUCT_BUNDLE_IDENTIFIER = com.yoan.RecipleaseTests;
				PRODUCT_NAME = "$(TARGET_NAME)";
				SWIFT_EMIT_LOC_STRINGS = NO;
				SWIFT_VERSION = 5.0;
				TARGETED_DEVICE_FAMILY = "1,2";
				TEST_HOST = "$(BUILT_PRODUCTS_DIR)/Reciplease.app/Reciplease";
			};
			name = Release;
		};
/* End XCBuildConfiguration section */

/* Begin XCConfigurationList section */
		5F9566EF281AABB900B5C843 /* Build configuration list for PBXProject "Reciplease" */ = {
			isa = XCConfigurationList;
			buildConfigurations = (
				5F95671F281AABBB00B5C843 /* Debug */,
				5F956720281AABBB00B5C843 /* Release */,
			);
			defaultConfigurationIsVisible = 0;
			defaultConfigurationName = Release;
		};
		5F956721281AABBB00B5C843 /* Build configuration list for PBXNativeTarget "Reciplease" */ = {
			isa = XCConfigurationList;
			buildConfigurations = (
				5F956722281AABBB00B5C843 /* Debug */,
				5F956723281AABBB00B5C843 /* Release */,
			);
			defaultConfigurationIsVisible = 0;
			defaultConfigurationName = Release;
		};
		5F956724281AABBB00B5C843 /* Build configuration list for PBXNativeTarget "RecipleaseTests" */ = {
			isa = XCConfigurationList;
			buildConfigurations = (
				5F956725281AABBB00B5C843 /* Debug */,
				5F956726281AABBB00B5C843 /* Release */,
			);
			defaultConfigurationIsVisible = 0;
			defaultConfigurationName = Release;
		};
/* End XCConfigurationList section */

/* Begin XCVersionGroup section */
		5F956700281AABB900B5C843 /* Reciplease.xcdatamodeld */ = {
			isa = XCVersionGroup;
			children = (
				5F956701281AABB900B5C843 /* Reciplease.xcdatamodel */,
			);
			currentVersion = 5F956701281AABB900B5C843 /* Reciplease.xcdatamodel */;
			path = Reciplease.xcdatamodeld;
			sourceTree = "<group>";
			versionGroupType = wrapper.xcdatamodel;
		};
/* End XCVersionGroup section */
	};
	rootObject = 5F9566EC281AABB900B5C843 /* Project object */;
}
